{
  "nodes": {
    "disko": {
      "inputs": {
        "nixpkgs": [
          "nixpkgs"
        ]
      },
      "locked": {
        "lastModified": 1780290312,
        "narHash": "sha256-eTAlX0CwgB84Ts3GaBd944A3DRXVMzgA0EqroZBISUo=",
        "owner": "nix-community",
        "repo": "disko",
        "rev": "115e5211780054d8a890b41f0b7734cafad54dfe",
        "type": "github"
      },
      "original": {
        "owner": "nix-community",
        "repo": "disko",
        "type": "github"
      }
    },
    "flake-compat": {
      "locked": {
        "lastModified": 1761640442,
        "narHash": "sha256-AtrEP6Jmdvrqiv4x2xa5mrtaIp3OEe8uBYCDZDS+hu8=",
        "owner": "nix-community",
        "repo": "flake-compat",
        "rev": "4a56054d8ffc173222d09dad23adf4ba946c8884",
        "type": "github"
      },
      "original": {
        "owner": "nix-community",
        "repo": "flake-compat",
        "type": "github"
      }
    },
    "flake-parts": {
      "inputs": {
        "nixpkgs-lib": "nixpkgs-lib"
      },
      "locked": {
        "lastModified": 1778716662,
        "narHash": "sha256-m1Yf0wZ8j1OHjTc2UwHwyQRSnNeSgLJOd7q5Y45hzi4=",
        "owner": "hercules-ci",
        "repo": "flake-parts",
        "rev": "f7c1a2d347e4c52d5fb8d10cb4d94b5884e546fb",
        "type": "github"
      },
      "original": {
        "owner": "hercules-ci",
        "repo": "flake-parts",
        "type": "github"
      }
    },
    "flake-parts_2": {
      "inputs": {
        "nixpkgs-lib": "nixpkgs-lib_2"
      },
      "locked": {
        "lastModified": 1777678872,
        "narHash": "sha256-EPIFsulyon7Z1vLQq5Fk64GR8L7cQsT+IPhcsukVbgk=",
        "owner": "hercules-ci",
        "repo": "flake-parts",
        "rev": "5250617bffd85403b14dbf43c3870e7f255d2c16",
        "type": "github"
      },
      "original": {
        "owner": "hercules-ci",
        "repo": "flake-parts",
        "type": "github"
      }
    },
    "flake-utils": {
      "inputs": {
        "systems": "systems"
      },
      "locked": {
        "lastModified": 1731533236,
        "narHash": "sha256-l0KFg5HjrsfsO/JpG+r7fRrqm12kzFHyUHqHCVpMMbI=",
        "owner": "numtide",
        "repo": "flake-utils",
        "rev": "11707dc2f618dd54ca8739b309ec4fc024de578b",
        "type": "github"
      },
      "original": {
        "owner": "numtide",
        "repo": "flake-utils",
        "type": "github"
      }
    },
    "helix": {
      "inputs": {
        "nixpkgs": "nixpkgs",
        "rust-overlay": "rust-overlay"
      },
      "locked": {
        "lastModified": 1780642964,
        "narHash": "sha256-GJU6FNPEf5CkJxsHa+1FIjQ3lWBH77DmcrVDeDgsk9g=",
        "owner": "helix-editor",
        "repo": "helix",
        "rev": "7eb1a2874af919caab8e69cf8bb6222d32fa6445",
        "type": "github"
      },
      "original": {
        "owner": "helix-editor",
        "repo": "helix",
        "type": "github"
      }
    },
    "import-tree": {
      "locked": {
        "lastModified": 1778781969,
        "narHash": "sha256-Jjuz5CmSkur8KvLDoGa+vylEp+RkQtv4mt/qcMznpH0=",
        "owner": "vic",
        "repo": "import-tree",
        "rev": "d321337efd0f23a9eb14a42adb7b2c29313ab274",
        "type": "github"
      },
      "original": {
        "owner": "vic",
        "repo": "import-tree",
        "type": "github"
      }
    },
    "kix": {
      "inputs": {
        "flake-parts": "flake-parts_2",
        "nixpkgs": "nixpkgs_2"
      },
      "locked": {
        "lastModified": 1781796814,
        "narHash": "sha256-FzUQ7z8VQ5oQg+IwgjjNitST6A1AxU4LC6YeyJLffjQ=",
        "owner": "ocfox",
        "repo": "kix",
        "rev": "18d1fcaad4a0c5c8f1bf01cc2f8445feec569a32",
        "type": "github"
      },
      "original": {
        "owner": "ocfox",
        "repo": "kix",
        "type": "github"
      }
    },
    "lib-aggregate": {
      "inputs": {
        "flake-utils": "flake-utils",
        "nixpkgs-lib": "nixpkgs-lib_3"
      },
      "locked": {
        "lastModified": 1780235539,
        "narHash": "sha256-neW/f0B00Tv19lRtK98zu74qSLIZWIz9C4z686s6LFo=",
        "owner": "nix-community",
        "repo": "lib-aggregate",
        "rev": "577c8f9b06c4d3990ceb4554445cfb37a9c3b8e1",
        "type": "github"
      },
      "original": {
        "owner": "nix-community",
        "repo": "lib-aggregate",
        "type": "github"
      }
    },
    "nixos-facter": {
      "locked": {
        "lastModified": 1773858690,
        "narHash": "sha256-oW0/lC0oRG5H5LaK6Rmh9L1wmkn9TbenM4bXwnIEDKA=",
        "owner": "numtide",
        "repo": "nixos-facter-modules",
        "rev": "139dcef4dfc97009629c445806f197883351ab4a",
        "type": "github"
      },
      "original": {
        "owner": "numtide",
        "repo": "nixos-facter-modules",
        "type": "github"
      }
    },
    "nixpkgs": {
      "locked": {
        "lastModified": 1775036866,
        "narHash": "sha256-ZojAnPuCdy657PbTq5V0Y+AHKhZAIwSIT2cb8UgAz/U=",
        "owner": "nixos",
        "repo": "nixpkgs",
        "rev": "6201e203d09599479a3b3450ed24fa81537ebc4e",
        "type": "github"
      },
      "original": {
        "owner": "nixos",
        "ref": "nixos-unstable",
        "repo": "nixpkgs",
        "type": "github"
      }
    },
    "nixpkgs-lib": {
      "locked": {
        "lastModified": 1777168982,
        "narHash": "sha256-GOkGPcboWE9BmGCRMLX3worL4EMnsnG8MyKmXNeYuhQ=",
        "owner": "nix-community",
        "repo": "nixpkgs.lib",
        "rev": "f5901329dade4a6ea039af1433fb087bd9c1fe14",
        "type": "github"
      },
      "original": {
        "owner": "nix-community",
        "repo": "nixpkgs.lib",
        "type": "github"
      }
    },
    "nixpkgs-lib_2": {
      "locked": {
        "lastModified": 1777168982,
        "narHash": "sha256-GOkGPcboWE9BmGCRMLX3worL4EMnsnG8MyKmXNeYuhQ=",
        "owner": "nix-community",
        "repo": "nixpkgs.lib",
        "rev": "f5901329dade4a6ea039af1433fb087bd9c1fe14",
        "type": "github"
      },
      "original": {
        "owner": "nix-community",
        "repo": "nixpkgs.lib",
        "type": "github"
      }
    },
    "nixpkgs-lib_3": {
      "locked": {
        "lastModified": 1780195591,
        "narHash": "sha256-/LAL+E75c0ioCHxyVFGwzXorfuHzToKgqPUCRq4RTIY=",
        "owner": "nix-community",
        "repo": "nixpkgs.lib",
        "rev": "49d924421d7c3175edc499fdc738bd70d69d97d5",
        "type": "github"
      },
      "original": {
        "owner": "nix-community",
        "repo": "nixpkgs.lib",
        "type": "github"
      }
    },
    "nixpkgs-wayland": {
      "inputs": {
        "flake-compat": "flake-compat",
        "lib-aggregate": "lib-aggregate",
        "nixpkgs": [
          "nixpkgs"
        ]
      },
      "locked": {
        "lastModified": 1780675415,
        "narHash": "sha256-uDSfu5+9lThYtl5x3tYDnTf36jO9Aw+Bxm6G5OQkZmE=",
        "owner": "nix-community",
        "repo": "nixpkgs-wayland",
        "rev": "381faffd24a947bcaf01016bd4a791b15684f0ed",
        "type": "github"
      },
      "original": {
        "owner": "nix-community",
        "repo": "nixpkgs-wayland",
        "type": "github"
      }
    },
    "nixpkgs_2": {
      "locked": {
        "lastModified": 1777578337,
        "narHash": "sha256-Ad49moKWeXtKBJNy2ebiTQUEgdLyvGmTeykAQ9xM+Z4=",
        "owner": "NixOS",
        "repo": "nixpkgs",
        "rev": "15f4ee454b1dce334612fa6843b3e05cf546efab",
        "type": "github"
      },
      "original": {
        "owner": "NixOS",
        "ref": "nixos-unstable",
        "repo": "nixpkgs",
        "type": "github"
      }
    },
    "nixpkgs_3": {
      "locked": {
        "lastModified": 1780243769,
        "narHash": "sha256-x5UQuRsH3MqI0U9afaXSNqzTPSeZlRLvFAav2Ux1pNw=",
        "owner": "NixOS",
        "repo": "nixpkgs",
        "rev": "331800de5053fcebacf6813adb5db9c9dca22a0c",
        "type": "github"
      },
      "original": {
        "owner": "NixOS",
        "ref": "nixos-unstable",
        "repo": "nixpkgs",
        "type": "github"
      }
    },
    "root": {
      "inputs": {
        "disko": "disko",
        "flake-parts": "flake-parts",
        "helix": "helix",
        "import-tree": "import-tree",
        "kix": "kix",
        "nixos-facter": "nixos-facter",
        "nixpkgs": "nixpkgs_3",
        "nixpkgs-wayland": "nixpkgs-wayland"
      }
    },
    "rust-overlay": {
      "inputs": {
        "nixpkgs": [
          "helix",
          "nixpkgs"
        ]
      },
      "locked": {
        "lastModified": 1775358767,
        "narHash": "sha256-f2eC+WIfhjevCPQILuV08i/kmKZzYZpUvkom/33VxCA=",
        "owner": "oxalica",
        "repo": "rust-overlay",
        "rev": "20fd44bc663daa53a2575e01293e24e681d62244",
        "type": "github"
      },
      "original": {
        "owner": "oxalica",
        "repo": "rust-overlay",
        "type": "github"
      }
    },
    "systems": {
      "locked": {
        "lastModified": 1681028828,
        "narHash": "sha256-Vy1rq5AaRuLzOxct8nz4T6wlgyUR7zLU309k9mBC768=",
        "owner": "nix-systems",
        "repo": "default",
        "rev": "da67096a3b9bf56a91d16901293e51ba5b49a27e",
        "type": "github"
      },
      "original": {
        "owner": "nix-systems",
        "repo": "default",
        "type": "github"
      }
    }
  },
  "root": "root",
  "version": 7
}
